{
  "name": "url-scraper",
  "version": "1.0.0",
  "lockfileVersion": 3,
  "requires": true,
  "packages": {
    "": {
      "name": "url-scraper",
      "version": "1.0.0",
      "license": "ISC",
      "dependencies": {
        "undici": "^7.24.4"
      },
      "bin": {
        "url-scraper": "index.js"
      }
    },
    "node_modules/undici": {
      "version": "7.24.4",
      "resolved": "https://registry.npmjs.org/undici/-/undici-7.24.4.tgz",
      "integrity": "sha512-BM/JzwwaRXxrLdElV2Uo6cTLEjhSb3WXboncJamZ15NgUURmvlXvxa6xkwIOILIjPNo9i8ku136ZvWV0Uly8+w==",
      "license": "MIT",
      "engines": {
        "node": ">=20.18.1"
      }
    }
  }
}
